
Microsoft Visual Studio Solution File, Format Version 12.00
# Visual Studio Version 17
VisualStudioVersion = 17.8.34511.84
MinimumVisualStudioVersion = 10.0.40219.1
Project("{9A19103F-16F7-4668-BE54-9A1E7A4F7556}") = "Encr_Decr", "Encr_Decr\Encr_Decr.csproj", "{51CA4C5A-EAF0-4290-BC80-9AB9755335D7}"
EndProject
Project("{FAE04EC0-301F-11D3-BF4B-00C04F79EFBC}") = "Encr_DecrTest", "Encr_DecrTest\Encr_DecrTest.csproj", "{5191DDDA-1FBF-4D33-9CDB-23BD96F0A44C}"
EndProject
Global
	GlobalSection(SolutionConfigurationPlatforms) = preSolution
		Debug|Any CPU = Debug|Any CPU
		Release|Any CPU = Release|Any CPU
	EndGlobalSection
	GlobalSection(ProjectConfigurationPlatforms) = postSolution
		{51CA4C5A-EAF0-4290-BC80-9AB9755335D7}.Debug|Any CPU.ActiveCfg = Debug|Any CPU
		{51CA4C5A-EAF0-4290-BC80-9AB9755335D7}.Debug|Any CPU.Build.0 = Debug|Any CPU
		{51CA4C5A-EAF0-4290-BC80-9AB9755335D7}.Release|Any CPU.ActiveCfg = Release|Any CPU
		{51CA4C5A-EAF0-4290-BC80-9AB9755335D7}.Release|Any CPU.Build.0 = Release|Any CPU
		{5191DDDA-1FBF-4D33-9CDB-23BD96F0A44C}.Debug|Any CPU.ActiveCfg = Debug|Any CPU
		{5191DDDA-1FBF-4D33-9CDB-23BD96F0A44C}.Debug|Any CPU.Build.0 = Debug|Any CPU
		{5191DDDA-1FBF-4D33-9CDB-23BD96F0A44C}.Release|Any CPU.ActiveCfg = Release|Any CPU
		{5191DDDA-1FBF-4D33-9CDB-23BD96F0A44C}.Release|Any CPU.Build.0 = Release|Any CPU
	EndGlobalSection
	GlobalSection(SolutionProperties) = preSolution
		HideSolutionNode = FALSE
	EndGlobalSection
	GlobalSection(ExtensibilityGlobals) = postSolution
		SolutionGuid = {EA8AEA21-F3DE-4A6D-848F-635720744108}
	EndGlobalSection
EndGlobal
